
Microsoft Visual Studio Solution File, Format Version 12.00
# Visual Studio 15
VisualStudioVersion = 15.0.27130.2010
MinimumVisualStudioVersion = 10.0.40219.1
Project("{FAE04EC0-301F-11D3-BF4B-00C04F79EFBC}") = "Shahah", "Shahah.csproj", "{D1012D31-C596-447B-8845-E45484372D21}"
EndProject
Global
	GlobalSection(SolutionConfigurationPlatforms) = preSolution
		Debug|Any CPU = Debug|Any CPU
		DefaultBuild|Any CPU = DefaultBuild|Any CPU
		Release|Any CPU = Release|Any CPU
	EndGlobalSection
	GlobalSection(ProjectConfigurationPlatforms) = postSolution
		{D1012D31-C596-447B-8845-E45484372D21}.Debug|Any CPU.ActiveCfg = Debug|Any CPU
		{D1012D31-C596-447B-8845-E45484372D21}.Debug|Any CPU.Build.0 = Debug|Any CPU
		{D1012D31-C596-447B-8845-E45484372D21}.DefaultBuild|Any CPU.ActiveCfg = Debug|Any CPU
		{D1012D31-C596-447B-8845-E45484372D21}.DefaultBuild|Any CPU.Build.0 = Debug|Any CPU
		{D1012D31-C596-447B-8845-E45484372D21}.Release|Any CPU.ActiveCfg = Release|Any CPU
		{D1012D31-C596-447B-8845-E45484372D21}.Release|Any CPU.Build.0 = Release|Any CPU
	EndGlobalSection
	GlobalSection(SolutionProperties) = preSolution
		HideSolutionNode = FALSE
	EndGlobalSection
	GlobalSection(ExtensibilityGlobals) = postSolution
		SolutionGuid = {17A19FFE-6317-460A-B7D6-BE75BB2246AB}
	EndGlobalSection
EndGlobal
